// !$*UTF8*$!
{
	archiveVersion = 1;
	classes = {
	};
	objectVersion = 50;
	objects = {

/* Begin PBXBuildFile section */
		1DA8B8C6260A84D6001ED7CD /* AppDelegate.swift in Sources */ = {isa = PBXBuildFile; fileRef = 1DA8B8C5260A84D6001ED7CD /* AppDelegate.swift */; };
		1DA8B8C8260A84D6001ED7CD /* SceneDelegate.swift in Sources */ = {isa = PBXBuildFile; fileRef = 1DA8B8C7260A84D6001ED7CD /* SceneDelegate.swift */; };
		1DA8B8CA260A84D6001ED7CD /* ViewController.swift in Sources */ = {isa = PBXBuildFile; fileRef = 1DA8B8C9260A84D6001ED7CD /* ViewController.swift */; };
		1DA8B8CD260A84D6001ED7CD /* Main.storyboard in Resources */ = {isa = PBXBuildFile; fileRef = 1DA8B8CB260A84D6001ED7CD /* Main.storyboard */; };
		1DA8B8CF260A84D8001ED7CD /* Assets.xcassets in Resources */ = {isa = PBXBuildFile; fileRef = 1DA8B8CE260A84D8001ED7CD /* Assets.xcassets */; };
		1DA8B8D2260A84D8001ED7CD /* LaunchScreen.storyboard in Resources */ = {isa = PBXBuildFile; fileRef = 1DA8B8D0260A84D8001ED7CD /* LaunchScreen.storyboard */; };
		1DA8B8DD260A84D8001ED7CD /* Product_ReviewsTests.swift in Sources */ = {isa = PBXBuildFile; fileRef = 1DA8B8DC260A84D8001ED7CD /* Product_ReviewsTests.swift */; };
		1DA8B8E8260A84D8001ED7CD /* Product_ReviewsUITests.swift in Sources */ = {isa = PBXBuildFile; fileRef = 1DA8B8E7260A84D8001ED7CD /* Product_ReviewsUITests.swift */; };
/* End PBXBuildFile section */

/* Begin PBXContainerItemProxy section */
		1DA8B8D9260A84D8001ED7CD /* PBXContainerItemProxy */ = {
			isa = PBXContainerItemProxy;
			containerPortal = 1DA8B8BA260A84D6001ED7CD /* Project object */;
			proxyType = 1;
			remoteGlobalIDString = 1DA8B8C1260A84D6001ED7CD;
			remoteInfo = "Product-Reviews";
		};
		1DA8B8E4260A84D8001ED7CD /* PBXContainerItemProxy */ = {
			isa = PBXContainerItemProxy;
			containerPortal = 1DA8B8BA260A84D6001ED7CD /* Project object */;
			proxyType = 1;
			remoteGlobalIDString = 1DA8B8C1260A84D6001ED7CD;
			remoteInfo = "Product-Reviews";
		};
/* End PBXContainerItemProxy section */

/* Begin PBXFileReference section */
		1DA8B8C2260A84D6001ED7CD /* Product-Reviews.app */ = {isa = PBXFileReference; explicitFileType = wrapper.application; includeInIndex = 0; path = "Product-Reviews.app"; sourceTree = BUILT_PRODUCTS_DIR; };
		1DA8B8C5260A84D6001ED7CD /* AppDelegate.swift */ = {isa = PBXFileReference; lastKnownFileType = sourcecode.swift; path = AppDelegate.swift; sourceTree = "<group>"; };
		1DA8B8C7260A84D6001ED7CD /* SceneDelegate.swift */ = {isa = PBXFileReference; lastKnownFileType = sourcecode.swift; path = SceneDelegate.swift; sourceTree = "<group>"; };
		1DA8B8C9260A84D6001ED7CD /* ViewController.swift */ = {isa = PBXFileReference; lastKnownFileType = sourcecode.swift; path = ViewController.swift; sourceTree = "<group>"; };
		1DA8B8CC260A84D6001ED7CD /* Base */ = {isa = PBXFileReference; lastKnownFileType = file.storyboard; name = Base; path = Base.lproj/Main.storyboard; sourceTree = "<group>"; };
		1DA8B8CE260A84D8001ED7CD /* Assets.xcassets */ = {isa = PBXFileReference; lastKnownFileType = folder.assetcatalog; path = Assets.xcassets; sourceTree = "<group>"; };
		1DA8B8D1260A84D8001ED7CD /* Base */ = {isa = PBXFileReference; lastKnownFileType = file.storyboard; name = Base; path = Base.lproj/LaunchScreen.storyboard; sourceTree = "<group>"; };
		1DA8B8D3260A84D8001ED7CD /* Info.plist */ = {isa = PBXFileReference; lastKnownFileType = text.plist.xml; path = Info.plist; sourceTree = "<group>"; };
		1DA8B8D8260A84D8001ED7CD /* Product-ReviewsTests.xctest */ = {isa = PBXFileReference; explicitFileType = wrapper.cfbundle; includeInIndex = 0; path = "Product-ReviewsTests.xctest"; sourceTree = BUILT_PRODUCTS_DIR; };
		1DA8B8DC260A84D8001ED7CD /* Product_ReviewsTests.swift */ = {isa = PBXFileReference; lastKnownFileType = sourcecode.swift; path = Product_ReviewsTests.swift; sourceTree = "<group>"; };
		1DA8B8DE260A84D8001ED7CD /* Info.plist */ = {isa = PBXFileReference; lastKnownFileType = text.plist.xml; path = Info.plist; sourceTree = "<group>"; };
		1DA8B8E3260A84D8001ED7CD /* Product-ReviewsUITests.xctest */ = {isa = PBXFileReference; explicitFileType = wrapper.cfbundle; includeInIndex = 0; path = "Product-ReviewsUITests.xctest"; sourceTree = BUILT_PRODUCTS_DIR; };
		1DA8B8E7260A84D8001ED7CD /* Product_ReviewsUITests.swift */ = {isa = PBXFileReference; lastKnownFileType = sourcecode.swift; path = Product_ReviewsUITests.swift; sourceTree = "<group>"; };
		1DA8B8E9260A84D8001ED7CD /* Info.plist */ = {isa = PBXFileReference; lastKnownFileType = text.plist.xml; path = Info.plist; sourceTree = "<group>"; };
/* End PBXFileReference section */

/* Begin PBXFrameworksBuildPhase section */
		1DA8B8BF260A84D6001ED7CD /* Frameworks */ = {
			isa = PBXFrameworksBuildPhase;
			buildActionMask = 2147483647;
			files = (
			);
			runOnlyForDeploymentPostprocessing = 0;
		};
		1DA8B8D5260A84D8001ED7CD /* Frameworks */ = {
			isa = PBXFrameworksBuildPhase;
			buildActionMask = 2147483647;
			files = (
			);
			runOnlyForDeploymentPostprocessing = 0;
		};
		1DA8B8E0260A84D8001ED7CD /* Frameworks */ = {
			isa = PBXFrameworksBuildPhase;
			buildActionMask = 2147483647;
			files = (
			);
			runOnlyForDeploymentPostprocessing = 0;
		};
/* End PBXFrameworksBuildPhase section */

/* Begin PBXGroup section */
		1DA8B8B9260A84D6001ED7CD = {
			isa = PBXGroup;
			children = (
				1DA8B8C4260A84D6001ED7CD /* Product-Reviews */,
				1DA8B8DB260A84D8001ED7CD /* Product-ReviewsTests */,
				1DA8B8E6260A84D8001ED7CD /* Product-ReviewsUITests */,
				1DA8B8C3260A84D6001ED7CD /* Products */,
			);
			sourceTree = "<group>";
		};
		1DA8B8C3260A84D6001ED7CD /* Products */ = {
			isa = PBXGroup;
			children = (
				1DA8B8C2260A84D6001ED7CD /* Product-Reviews.app */,
				1DA8B8D8260A84D8001ED7CD /* Product-ReviewsTests.xctest */,
				1DA8B8E3260A84D8001ED7CD /* Product-ReviewsUITests.xctest */,
			);
			name = Products;
			sourceTree = "<group>";
		};
		1DA8B8C4260A84D6001ED7CD /* Product-Reviews */ = {
			isa = PBXGroup;
			children = (
				1DA8B8C5260A84D6001ED7CD /* AppDelegate.swift */,
				1DA8B8C7260A84D6001ED7CD /* SceneDelegate.swift */,
				1DA8B8C9260A84D6001ED7CD /* ViewController.swift */,
				1DA8B8CB260A84D6001ED7CD /* Main.storyboard */,
				1DA8B8CE260A84D8001ED7CD /* Assets.xcassets */,
				1DA8B8D0260A84D8001ED7CD /* LaunchScreen.storyboard */,
				1DA8B8D3260A84D8001ED7CD /* Info.plist */,
			);
			path = "Product-Reviews";
			sourceTree = "<group>";
		};
		1DA8B8DB260A84D8001ED7CD /* Product-ReviewsTests */ = {
			isa = PBXGroup;
			children = (
				1DA8B8DC260A84D8001ED7CD /* Product_ReviewsTests.swift */,
				1DA8B8DE260A84D8001ED7CD /* Info.plist */,
			);
			path = "Product-ReviewsTests";
			sourceTree = "<group>";
		};
		1DA8B8E6260A84D8001ED7CD /* Product-ReviewsUITests */ = {
			isa = PBXGroup;
			children = (
				1DA8B8E7260A84D8001ED7CD /* Product_ReviewsUITests.swift */,
				1DA8B8E9260A84D8001ED7CD /* Info.plist */,
			);
			path = "Product-ReviewsUITests";
			sourceTree = "<group>";
		};
/* End PBXGroup section */

/* Begin PBXNativeTarget section */
		1DA8B8C1260A84D6001ED7CD /* Product-Reviews */ = {
			isa = PBXNativeTarget;
			buildConfigurationList = 1DA8B8EC260A84D8001ED7CD /* Build configuration list for PBXNativeTarget "Product-Reviews" */;
			buildPhases = (
				1DA8B8BE260A84D6001ED7CD /* Sources */,
				1DA8B8BF260A84D6001ED7CD /* Frameworks */,
				1DA8B8C0260A84D6001ED7CD /* Resources */,
			);
			buildRules = (
			);
			dependencies = (
			);
			name = "Product-Reviews";
			productName = "Product-Reviews";
			productReference = 1DA8B8C2260A84D6001ED7CD /* Product-Reviews.app */;
			productType = "com.apple.product-type.application";
		};
		1DA8B8D7260A84D8001ED7CD /* Product-ReviewsTests */ = {
			isa = PBXNativeTarget;
			buildConfigurationList = 1DA8B8EF260A84D8001ED7CD /* Build configuration list for PBXNativeTarget "Product-ReviewsTests" */;
			buildPhases = (
				1DA8B8D4260A84D8001ED7CD /* Sources */,
				1DA8B8D5260A84D8001ED7CD /* Frameworks */,
				1DA8B8D6260A84D8001ED7CD /* Resources */,
			);
			buildRules = (
			);
			dependencies = (
				1DA8B8DA260A84D8001ED7CD /* PBXTargetDependency */,
			);
			name = "Product-ReviewsTests";
			productName = "Product-ReviewsTests";
			productReference = 1DA8B8D8260A84D8001ED7CD /* Product-ReviewsTests.xctest */;
			productType = "com.apple.product-type.bundle.unit-test";
		};
		1DA8B8E2260A84D8001ED7CD /* Product-ReviewsUITests */ = {
			isa = PBXNativeTarget;
			buildConfigurationList = 1DA8B8F2260A84D8001ED7CD /* Build configuration list for PBXNativeTarget "Product-ReviewsUITests" */;
			buildPhases = (
				1DA8B8DF260A84D8001ED7CD /* Sources */,
				1DA8B8E0260A84D8001ED7CD /* Frameworks */,
				1DA8B8E1260A84D8001ED7CD /* Resources */,
			);
			buildRules = (
			);
			dependencies = (
				1DA8B8E5260A84D8001ED7CD /* PBXTargetDependency */,
			);
			name = "Product-ReviewsUITests";
			productName = "Product-ReviewsUITests";
			productReference = 1DA8B8E3260A84D8001ED7CD /* Product-ReviewsUITests.xctest */;
			productType = "com.apple.product-type.bundle.ui-testing";
		};
/* End PBXNativeTarget section */

/* Begin PBXProject section */
		1DA8B8BA260A84D6001ED7CD /* Project object */ = {
			isa = PBXProject;
			attributes = {
				LastSwiftUpdateCheck = 1240;
				LastUpgradeCheck = 1240;
				TargetAttributes = {
					1DA8B8C1260A84D6001ED7CD = {
						CreatedOnToolsVersion = 12.4;
					};
					1DA8B8D7260A84D8001ED7CD = {
						CreatedOnToolsVersion = 12.4;
						TestTargetID = 1DA8B8C1260A84D6001ED7CD;
					};
					1DA8B8E2260A84D8001ED7CD = {
						CreatedOnToolsVersion = 12.4;
						TestTargetID = 1DA8B8C1260A84D6001ED7CD;
					};
				};
			};
			buildConfigurationList = 1DA8B8BD260A84D6001ED7CD /* Build configuration list for PBXProject "Product-Reviews" */;
			compatibilityVersion = "Xcode 9.3";
			developmentRegion = en;
			hasScannedForEncodings = 0;
			knownRegions = (
				en,
				Base,
			);
			mainGroup = 1DA8B8B9260A84D6001ED7CD;
			productRefGroup = 1DA8B8C3260A84D6001ED7CD /* Products */;
			projectDirPath = "";
			projectRoot = "";
			targets = (
				1DA8B8C1260A84D6001ED7CD /* Product-Reviews */,
				1DA8B8D7260A84D8001ED7CD /* Product-ReviewsTests */,
				1DA8B8E2260A84D8001ED7CD /* Product-ReviewsUITests */,
			);
		};
/* End PBXProject section */

/* Begin PBXResourcesBuildPhase section */
		1DA8B8C0260A84D6001ED7CD /* Resources */ = {
			isa = PBXResourcesBuildPhase;
			buildActionMask = 2147483647;
			files = (
				1DA8B8D2260A84D8001ED7CD /* LaunchScreen.storyboard in Resources */,
				1DA8B8CF260A84D8001ED7CD /* Assets.xcassets in Resources */,
				1DA8B8CD260A84D6001ED7CD /* Main.storyboard in Resources */,
			);
			runOnlyForDeploymentPostprocessing = 0;
		};
		1DA8B8D6260A84D8001ED7CD /* Resources */ = {
			isa = PBXResourcesBuildPhase;
			buildActionMask = 2147483647;
			files = (
			);
			runOnlyForDeploymentPostprocessing = 0;
		};
		1DA8B8E1260A84D8001ED7CD /* Resources */ = {
			isa = PBXResourcesBuildPhase;
			buildActionMask = 2147483647;
			files = (
			);
			runOnlyForDeploymentPostprocessing = 0;
		};
/* End PBXResourcesBuildPhase section */

/* Begin PBXSourcesBuildPhase section */
		1DA8B8BE260A84D6001ED7CD /* Sources */ = {
			isa = PBXSourcesBuildPhase;
			buildActionMask = 2147483647;
			files = (
				1DA8B8CA260A84D6001ED7CD /* ViewController.swift in Sources */,
				1DA8B8C6260A84D6001ED7CD /* AppDelegate.swift in Sources */,
				1DA8B8C8260A84D6001ED7CD /* SceneDelegate.swift in Sources */,
			);
			runOnlyForDeploymentPostprocessing = 0;
		};
		1DA8B8D4260A84D8001ED7CD /* Sources */ = {
			isa = PBXSourcesBuildPhase;
			buildActionMask = 2147483647;
			files = (
				1DA8B8DD260A84D8001ED7CD /* Product_ReviewsTests.swift in Sources */,
			);
			runOnlyForDeploymentPostprocessing = 0;
		};
		1DA8B8DF260A84D8001ED7CD /* Sources */ = {
			isa = PBXSourcesBuildPhase;
			buildActionMask = 2147483647;
			files = (
				1DA8B8E8260A84D8001ED7CD /* Product_ReviewsUITests.swift in Sources */,
			);
			runOnlyForDeploymentPostprocessing = 0;
		};
/* End PBXSourcesBuildPhase section */

/* Begin PBXTargetDependency section */
		1DA8B8DA260A84D8001ED7CD /* PBXTargetDependency */ = {
			isa = PBXTargetDependency;
			target = 1DA8B8C1260A84D6001ED7CD /* Product-Reviews */;
			targetProxy = 1DA8B8D9260A84D8001ED7CD /* PBXContainerItemProxy */;
		};
		1DA8B8E5260A84D8001ED7CD /* PBXTargetDependency */ = {
			isa = PBXTargetDependency;
			target = 1DA8B8C1260A84D6001ED7CD /* Product-Reviews */;
			targetProxy = 1DA8B8E4260A84D8001ED7CD /* PBXContainerItemProxy */;
		};
/* End PBXTargetDependency section */

/* Begin PBXVariantGroup section */
		1DA8B8CB260A84D6001ED7CD /* Main.storyboard */ = {
			isa = PBXVariantGroup;
			children = (
				1DA8B8CC260A84D6001ED7CD /* Base */,
			);
			name = Main.storyboard;
			sourceTree = "<group>";
		};
		1DA8B8D0260A84D8001ED7CD /* LaunchScreen.storyboard */ = {
			isa = PBXVariantGroup;
			children = (
				1DA8B8D1260A84D8001ED7CD /* Base */,
			);
			name = LaunchScreen.storyboard;
			sourceTree = "<group>";
		};
/* End PBXVariantGroup section */

/* Begin XCBuildConfiguration section */
		1DA8B8EA260A84D8001ED7CD /* Debug */ = {
			isa = XCBuildConfiguration;
			buildSettings = {
				ALWAYS_SEARCH_USER_PATHS = NO;
				CLANG_ANALYZER_NONNULL = YES;
				CLANG_ANALYZER_NUMBER_OBJECT_CONVERSION = YES_AGGRESSIVE;
				CLANG_CXX_LANGUAGE_STANDARD = "gnu++14";
				CLANG_CXX_LIBRARY = "libc++";
				CLANG_ENABLE_MODULES = YES;
				CLANG_ENABLE_OBJC_ARC = YES;
				CLANG_ENABLE_OBJC_WEAK = YES;
				CLANG_WARN_BLOCK_CAPTURE_AUTORELEASING = YES;
				CLANG_WARN_BOOL_CONVERSION = YES;
				CLANG_WARN_COMMA = YES;
				CLANG_WARN_CONSTANT_CONVERSION = YES;
				CLANG_WARN_DEPRECATED_OBJC_IMPLEMENTATIONS = YES;
				CLANG_WARN_DIRECT_OBJC_ISA_USAGE = YES_ERROR;
				CLANG_WARN_DOCUMENTATION_COMMENTS = YES;
				CLANG_WARN_EMPTY_BODY = YES;
				CLANG_WARN_ENUM_CONVERSION = YES;
				CLANG_WARN_INFINITE_RECURSION = YES;
				CLANG_WARN_INT_CONVERSION = YES;
				CLANG_WARN_NON_LITERAL_NULL_CONVERSION = YES;
				CLANG_WARN_OBJC_IMPLICIT_RETAIN_SELF = YES;
				CLANG_WARN_OBJC_LITERAL_CONVERSION = YES;
				CLANG_WARN_OBJC_ROOT_CLASS = YES_ERROR;
				CLANG_WARN_QUOTED_INCLUDE_IN_FRAMEWORK_HEADER = YES;
				CLANG_WARN_RANGE_LOOP_ANALYSIS = YES;
				CLANG_WARN_STRICT_PROTOTYPES = YES;
				CLANG_WARN_SUSPICIOUS_MOVE = YES;
				CLANG_WARN_UNGUARDED_AVAILABILITY = YES_AGGRESSIVE;
				CLANG_WARN_UNREACHABLE_CODE = YES;
				CLANG_WARN__DUPLICATE_METHOD_MATCH = YES;
				COPY_PHASE_STRIP = NO;
				DEBUG_INFORMATION_FORMAT = dwarf;
				ENABLE_STRICT_OBJC_MSGSEND = YES;
				ENABLE_TESTABILITY = YES;
				GCC_C_LANGUAGE_STANDARD = gnu11;
				GCC_DYNAMIC_NO_PIC = NO;
				GCC_NO_COMMON_BLOCKS = YES;
				GCC_OPTIMIZATION_LEVEL = 0;
				GCC_PREPROCESSOR_DEFINITIONS = (
					"DEBUG=1",
					"$(inherited)",
				);
				GCC_WARN_64_TO_32_BIT_CONVERSION = YES;
				GCC_WARN_ABOUT_RETURN_TYPE = YES_ERROR;
				GCC_WARN_UNDECLARED_SELECTOR = YES;
				GCC_WARN_UNINITIALIZED_AUTOS = YES_AGGRESSIVE;
				GCC_WARN_UNUSED_FUNCTION = YES;
				GCC_WARN_UNUSED_VARIABLE = YES;
				IPHONEOS_DEPLOYMENT_TARGET = 14.4;
				MTL_ENABLE_DEBUG_INFO = INCLUDE_SOURCE;
				MTL_FAST_MATH = YES;
				ONLY_ACTIVE_ARCH = YES;
				SDKROOT = iphoneos;
				SWIFT_ACTIVE_COMPILATION_CONDITIONS = DEBUG;
				SWIFT_OPTIMIZATION_LEVEL = "-Onone";
			};
			name = Debug;
		};
		1DA8B8EB260A84D8001ED7CD /* Release */ = {
			isa = XCBuildConfiguration;
			buildSettings = {
				ALWAYS_SEARCH_USER_PATHS = NO;
				CLANG_ANALYZER_NONNULL = YES;
				CLANG_ANALYZER_NUMBER_OBJECT_CONVERSION = YES_AGGRESSIVE;
				CLANG_CXX_LANGUAGE_STANDARD = "gnu++14";
				CLANG_CXX_LIBRARY = "libc++";
				CLANG_ENABLE_MODULES = YES;
				CLANG_ENABLE_OBJC_ARC = YES;
				CLANG_ENABLE_OBJC_WEAK = YES;
				CLANG_WARN_BLOCK_CAPTURE_AUTORELEASING = YES;
				CLANG_WARN_BOOL_CONVERSION = YES;
				CLANG_WARN_COMMA = YES;
				CLANG_WARN_CONSTANT_CONVERSION = YES;
				CLANG_WARN_DEPRECATED_OBJC_IMPLEMENTATIONS = YES;
				CLANG_WARN_DIRECT_OBJC_ISA_USAGE = YES_ERROR;
				CLANG_WARN_DOCUMENTATION_COMMENTS = YES;
				CLANG_WARN_EMPTY_BODY = YES;
				CLANG_WARN_ENUM_CONVERSION = YES;
				CLANG_WARN_INFINITE_RECURSION = YES;
				CLANG_WARN_INT_CONVERSION = YES;
				CLANG_WARN_NON_LITERAL_NULL_CONVERSION = YES;
				CLANG_WARN_OBJC_IMPLICIT_RETAIN_SELF = YES;
				CLANG_WARN_OBJC_LITERAL_CONVERSION = YES;
				CLANG_WARN_OBJC_ROOT_CLASS = YES_ERROR;
				CLANG_WARN_QUOTED_INCLUDE_IN_FRAMEWORK_HEADER = YES;
				CLANG_WARN_RANGE_LOOP_ANALYSIS = YES;
				CLANG_WARN_STRICT_PROTOTYPES = YES;
				CLANG_WARN_SUSPICIOUS_MOVE = YES;
				CLANG_WARN_UNGUARDED_AVAILABILITY = YES_AGGRESSIVE;
				CLANG_WARN_UNREACHABLE_CODE = YES;
				CLANG_WARN__DUPLICATE_METHOD_MATCH = YES;
				COPY_PHASE_STRIP = NO;
				DEBUG_INFORMATION_FORMAT = "dwarf-with-dsym";
				ENABLE_NS_ASSERTIONS = NO;
				ENABLE_STRICT_OBJC_MSGSEND = YES;
				GCC_C_LANGUAGE_STANDARD = gnu11;
				GCC_NO_COMMON_BLOCKS = YES;
				GCC_WARN_64_TO_32_BIT_CONVERSION = YES;
				GCC_WARN_ABOUT_RETURN_TYPE = YES_ERROR;
				GCC_WARN_UNDECLARED_SELECTOR = YES;
				GCC_WARN_UNINITIALIZED_AUTOS = YES_AGGRESSIVE;
				GCC_WARN_UNUSED_FUNCTION = YES;
				GCC_WARN_UNUSED_VARIABLE = YES;
				IPHONEOS_DEPLOYMENT_TARGET = 14.4;
				MTL_ENABLE_DEBUG_INFO = NO;
				MTL_FAST_MATH = YES;
				SDKROOT = iphoneos;
				SWIFT_COMPILATION_MODE = wholemodule;
				SWIFT_OPTIMIZATION_LEVEL = "-O";
				VALIDATE_PRODUCT = YES;
			};
			name = Release;
		};
		1DA8B8ED260A84D8001ED7CD /* Debug */ = {
			isa = XCBuildConfiguration;
			buildSettings = {
				ASSETCATALOG_COMPILER_APPICON_NAME = AppIcon;
				ASSETCATALOG_COMPILER_GLOBAL_ACCENT_COLOR_NAME = AccentColor;
				CODE_SIGN_STYLE = Automatic;
				DEVELOPMENT_TEAM = 684K4VN4Q5;
				INFOPLIST_FILE = "Product-Reviews/Info.plist";
				LD_RUNPATH_SEARCH_PATHS = (
					"$(inherited)",
					"@executable_path/Frameworks",
				);
				PRODUCT_BUNDLE_IDENTIFIER = "com.argjira.Product-Reviews";
				PRODUCT_NAME = "$(TARGET_NAME)";
				SWIFT_VERSION = 5.0;
				TARGETED_DEVICE_FAMILY = "1,2";
			};
			name = Debug;
		};
		1DA8B8EE260A84D8001ED7CD /* Release */ = {
			isa = XCBuildConfiguration;
			buildSettings = {
				ASSETCATALOG_COMPILER_APPICON_NAME = AppIcon;
				ASSETCATALOG_COMPILER_GLOBAL_ACCENT_COLOR_NAME = AccentColor;
				CODE_SIGN_STYLE = Automatic;
				DEVELOPMENT_TEAM = 684K4VN4Q5;
				INFOPLIST_FILE = "Product-Reviews/Info.plist";
				LD_RUNPATH_SEARCH_PATHS = (
					"$(inherited)",
					"@executable_path/Frameworks",
				);
				PRODUCT_BUNDLE_IDENTIFIER = "com.argjira.Product-Reviews";
				PRODUCT_NAME = "$(TARGET_NAME)";
				SWIFT_VERSION = 5.0;
				TARGETED_DEVICE_FAMILY = "1,2";
			};
			name = Release;
		};
		1DA8B8F0260A84D8001ED7CD /* Debug */ = {
			isa = XCBuildConfiguration;
			buildSettings = {
				ALWAYS_EMBED_SWIFT_STANDARD_LIBRARIES = YES;
				BUNDLE_LOADER = "$(TEST_HOST)";
				CODE_SIGN_STYLE = Automatic;
				DEVELOPMENT_TEAM = 684K4VN4Q5;
				INFOPLIST_FILE = "Product-ReviewsTests/Info.plist";
				IPHONEOS_DEPLOYMENT_TARGET = 14.4;
				LD_RUNPATH_SEARCH_PATHS = (
					"$(inherited)",
					"@executable_path/Frameworks",
					"@loader_path/Frameworks",
				);
				PRODUCT_BUNDLE_IDENTIFIER = "com.argjira.Product-ReviewsTests";
				PRODUCT_NAME = "$(TARGET_NAME)";
				SWIFT_VERSION = 5.0;
				TARGETED_DEVICE_FAMILY = "1,2";
				TEST_HOST = "$(BUILT_PRODUCTS_DIR)/Product-Reviews.app/Product-Reviews";
			};
			name = Debug;
		};
		1DA8B8F1260A84D8001ED7CD /* Release */ = {
			isa = XCBuildConfiguration;
			buildSettings = {
				ALWAYS_EMBED_SWIFT_STANDARD_LIBRARIES = YES;
				BUNDLE_LOADER = "$(TEST_HOST)";
				CODE_SIGN_STYLE = Automatic;
				DEVELOPMENT_TEAM = 684K4VN4Q5;
				INFOPLIST_FILE = "Product-ReviewsTests/Info.plist";
				IPHONEOS_DEPLOYMENT_TARGET = 14.4;
				LD_RUNPATH_SEARCH_PATHS = (
					"$(inherited)",
					"@executable_path/Frameworks",
					"@loader_path/Frameworks",
				);
				PRODUCT_BUNDLE_IDENTIFIER = "com.argjira.Product-ReviewsTests";
				PRODUCT_NAME = "$(TARGET_NAME)";
				SWIFT_VERSION = 5.0;
				TARGETED_DEVICE_FAMILY = "1,2";
				TEST_HOST = "$(BUILT_PRODUCTS_DIR)/Product-Reviews.app/Product-Reviews";
			};
			name = Release;
		};
		1DA8B8F3260A84D8001ED7CD /* Debug */ = {
			isa = XCBuildConfiguration;
			buildSettings = {
				ALWAYS_EMBED_SWIFT_STANDARD_LIBRARIES = YES;
				CODE_SIGN_STYLE = Automatic;
				DEVELOPMENT_TEAM = 684K4VN4Q5;
				INFOPLIST_FILE = "Product-ReviewsUITests/Info.plist";
				LD_RUNPATH_SEARCH_PATHS = (
					"$(inherited)",
					"@executable_path/Frameworks",
					"@loader_path/Frameworks",
				);
				PRODUCT_BUNDLE_IDENTIFIER = "com.argjira.Product-ReviewsUITests";
				PRODUCT_NAME = "$(TARGET_NAME)";
				SWIFT_VERSION = 5.0;
				TARGETED_DEVICE_FAMILY = "1,2";
				TEST_TARGET_NAME = "Product-Reviews";
			};
			name = Debug;
		};
		1DA8B8F4260A84D8001ED7CD /* Release */ = {
			isa = XCBuildConfiguration;
			buildSettings = {
				ALWAYS_EMBED_SWIFT_STANDARD_LIBRARIES = YES;
				CODE_SIGN_STYLE = Automatic;
				DEVELOPMENT_TEAM = 684K4VN4Q5;
				INFOPLIST_FILE = "Product-ReviewsUITests/Info.plist";
				LD_RUNPATH_SEARCH_PATHS = (
					"$(inherited)",
					"@executable_path/Frameworks",
					"@loader_path/Frameworks",
				);
				PRODUCT_BUNDLE_IDENTIFIER = "com.argjira.Product-ReviewsUITests";
				PRODUCT_NAME = "$(TARGET_NAME)";
				SWIFT_VERSION = 5.0;
				TARGETED_DEVICE_FAMILY = "1,2";
				TEST_TARGET_NAME = "Product-Reviews";
			};
			name = Release;
		};
/* End XCBuildConfiguration section */

/* Begin XCConfigurationList section */
		1DA8B8BD260A84D6001ED7CD /* Build configuration list for PBXProject "Product-Reviews" */ = {
			isa = XCConfigurationList;
			buildConfigurations = (
				1DA8B8EA260A84D8001ED7CD /* Debug */,
				1DA8B8EB260A84D8001ED7CD /* Release */,
			);
			defaultConfigurationIsVisible = 0;
			defaultConfigurationName = Release;
		};
		1DA8B8EC260A84D8001ED7CD /* Build configuration list for PBXNativeTarget "Product-Reviews" */ = {
			isa = XCConfigurationList;
			buildConfigurations = (
				1DA8B8ED260A84D8001ED7CD /* Debug */,
				1DA8B8EE260A84D8001ED7CD /* Release */,
			);
			defaultConfigurationIsVisible = 0;
			defaultConfigurationName = Release;
		};
		1DA8B8EF260A84D8001ED7CD /* Build configuration list for PBXNativeTarget "Product-ReviewsTests" */ = {
			isa = XCConfigurationList;
			buildConfigurations = (
				1DA8B8F0260A84D8001ED7CD /* Debug */,
				1DA8B8F1260A84D8001ED7CD /* Release */,
			);
			defaultConfigurationIsVisible = 0;
			defaultConfigurationName = Release;
		};
		1DA8B8F2260A84D8001ED7CD /* Build configuration list for PBXNativeTarget "Product-ReviewsUITests" */ = {
			isa = XCConfigurationList;
			buildConfigurations = (
				1DA8B8F3260A84D8001ED7CD /* Debug */,
				1DA8B8F4260A84D8001ED7CD /* Release */,
			);
			defaultConfigurationIsVisible = 0;
			defaultConfigurationName = Release;
		};
/* End XCConfigurationList section */
	};
	rootObject = 1DA8B8BA260A84D6001ED7CD /* Project object */;
}
